
Microsoft Visual Studio Solution File, Format Version 12.00
# Visual Studio Version 16
VisualStudioVersion = 16.0.31321.278
MinimumVisualStudioVersion = 10.0.40219.1
Project("{FAE04EC0-301F-11D3-BF4B-00C04F79EFBC}") = "CustomParameterEditorAspNetCoreExample", "CustomParameterEditorAspNetCoreExample\CustomParameterEditorAspNetCoreExample.csproj", "{1E046658-E260-4343-8315-18960D63ABCD}"
EndProject
Global
	GlobalSection(SolutionConfigurationPlatforms) = preSolution
		Debug|Any CPU = Debug|Any CPU
		Release|Any CPU = Release|Any CPU
	EndGlobalSection
	GlobalSection(ProjectConfigurationPlatforms) = postSolution
		{1E046658-E260-4343-8315-18960D63ABCD}.Debug|Any CPU.ActiveCfg = Debug|Any CPU
		{1E046658-E260-4343-8315-18960D63ABCD}.Debug|Any CPU.Build.0 = Debug|Any CPU
		{1E046658-E260-4343-8315-18960D63ABCD}.Release|Any CPU.ActiveCfg = Release|Any CPU
		{1E046658-E260-4343-8315-18960D63ABCD}.Release|Any CPU.Build.0 = Release|Any CPU
	EndGlobalSection
	GlobalSection(SolutionProperties) = preSolution
		HideSolutionNode = FALSE
	EndGlobalSection
	GlobalSection(ExtensibilityGlobals) = postSolution
		SolutionGuid = {CD1B3639-AD9E-4DF1-8778-922B98BCF1D1}
	EndGlobalSection
EndGlobal
